
Microsoft Visual Studio Solution File, Format Version 12.00
# Visual Studio Version 17
VisualStudioVersion = 17.3.32825.248
MinimumVisualStudioVersion = 10.0.40219.1
Project("{FAE04EC0-301F-11D3-BF4B-00C04F79EFBC}") = "Директория Ф", "Директория Ф\Директория Ф.csproj", "{2FF0616F-C91A-4566-998E-A9FBA1B8278D}"
EndProject
Global
	GlobalSection(SolutionConfigurationPlatforms) = preSolution
		Debug|Any CPU = Debug|Any CPU
		Release|Any CPU = Release|Any CPU
	EndGlobalSection
	GlobalSection(ProjectConfigurationPlatforms) = postSolution
		{2FF0616F-C91A-4566-998E-A9FBA1B8278D}.Debug|Any CPU.ActiveCfg = Debug|Any CPU
		{2FF0616F-C91A-4566-998E-A9FBA1B8278D}.Debug|Any CPU.Build.0 = Debug|Any CPU
		{2FF0616F-C91A-4566-998E-A9FBA1B8278D}.Release|Any CPU.ActiveCfg = Release|Any CPU
		{2FF0616F-C91A-4566-998E-A9FBA1B8278D}.Release|Any CPU.Build.0 = Release|Any CPU
	EndGlobalSection
	GlobalSection(SolutionProperties) = preSolution
		HideSolutionNode = FALSE
	EndGlobalSection
	GlobalSection(ExtensibilityGlobals) = postSolution
		SolutionGuid = {392DF257-1175-4185-91EF-B065F9FE0053}
	EndGlobalSection
EndGlobal
